
Microsoft Visual Studio Solution File, Format Version 11.00
# Visual Studio 2010
Project("{FAE04EC0-301F-11D3-BF4B-00C04F79EFBC}") = "MonoMobile.Views.Themes", "MonoMobile.Views.Themes.csproj", "{C4A9F63F-AE75-4302-8A20-91CA39332E3B}"
EndProject
Global
	GlobalSection(SolutionConfigurationPlatforms) = preSolution
		Debug|Any CPU = Debug|Any CPU
		Release|Any CPU = Release|Any CPU
	EndGlobalSection
	GlobalSection(ProjectConfigurationPlatforms) = postSolution
		{C4A9F63F-AE75-4302-8A20-91CA39332E3B}.Debug|Any CPU.ActiveCfg = Debug|Any CPU
		{C4A9F63F-AE75-4302-8A20-91CA39332E3B}.Debug|Any CPU.Build.0 = Debug|Any CPU
		{C4A9F63F-AE75-4302-8A20-91CA39332E3B}.Release|Any CPU.ActiveCfg = Release|Any CPU
		{C4A9F63F-AE75-4302-8A20-91CA39332E3B}.Release|Any CPU.Build.0 = Release|Any CPU
	EndGlobalSection
	GlobalSection(MonoDevelopProperties) = preSolution
		StartupItem = MonoMobile.Views.Themes.csproj
	EndGlobalSection
EndGlobal
